lockfileVersion: '6.0'

settings:
  autoInstallPeers: true
  excludeLinksFromLockfile: false

dependencies:
  '@hookform/resolvers':
    specifier: ^3.3.4
    version: 3.3.4(react-hook-form@7.51.0)
  '@tanstack/react-query':
    specifier: ^5.28.2
    version: 5.28.2(react@18.2.0)
  react-hook-form:
    specifier: ^7.51.0
    version: 7.51.0(react@18.2.0)
  zod:
    specifier: ^3.22.4
    version: 3.22.4

packages:

  /@hookform/resolvers@3.3.4(react-hook-form@7.51.0):
    resolution: {integrity: sha512-o5cgpGOuJYrd+iMKvkttOclgwRW86EsWJZZRC23prf0uU2i48Htq4PuT73AVb9ionFyZrwYEITuOFGF+BydEtQ==}
    peerDependencies:
      react-hook-form: ^7.0.0
    dependencies:
      react-hook-form: 7.51.0(react@18.2.0)
    dev: false

  /@tanstack/query-core@5.28.2:
    resolution: {integrity: sha512-IvRjNUzoJ0Hn5OSpFkPtMY00zEm+EauCnSKOx/PJPOpME6ucM5hSisFdnIN9oU3WDw5lv6OFWDSpG0rM6lF9rw==}
    dev: false

  /@tanstack/react-query@5.28.2(react@18.2.0):
    resolution: {integrity: sha512-t3th5v5bzyeiw+fzwKwbGVT3ux2qW4wDJRrLy4YLok0qrrEQUYcZ3xsC7dlxkPbFInrIGJ8qLsm1A2sbyy2XZA==}
    peerDependencies:
      react: ^18.0.0
    dependencies:
      '@tanstack/query-core': 5.28.2
      react: 18.2.0
    dev: false

  /js-tokens@4.0.0:
    resolution: {integrity: sha512-RdJUflcE3cUzKiMqQgsCu06FPu9UdIJO0beYbPhHN4k6apgJtifcoCtT9bcxOpYBtpD2kCM6Sbzg4CausW/PKQ==}
    dev: false

  /loose-envify@1.4.0:
    resolution: {integrity: sha512-lyuxPGr/Wfhrlem2CL/UcnUc1zcqKAImBDzukY7Y5F/yQiNdko6+fRLevlw1HgMySw7f611UIY408EtxRSoK3Q==}
    hasBin: true
    dependencies:
      js-tokens: 4.0.0
    dev: false

  /react-hook-form@7.51.0(react@18.2.0):
    resolution: {integrity: sha512-BggOy5j58RdhdMzzRUHGOYhSz1oeylFAv6jUSG86OvCIvlAvS7KvnRY7yoAf2pfEiPN7BesnR0xx73nEk3qIiw==}
    engines: {node: '>=12.22.0'}
    peerDependencies:
      react: ^16.8.0 || ^17 || ^18
    dependencies:
      react: 18.2.0
    dev: false

  /react@18.2.0:
    resolution: {integrity: sha512-/3IjMdb2L9QbBdWiW5e3P2/npwMBaU9mHCSCUzNln0ZCYbcfTsGbTJrU/kGemdH2IWmB2ioZ+zkxtmq6g09fGQ==}
    engines: {node: '>=0.10.0'}
    dependencies:
      loose-envify: 1.4.0
    dev: false

  /zod@3.22.4:
    resolution: {integrity: sha512-iC+8Io04lddc+mVqQ9AZ7OQ2MrUKGN+oIQyq1vemgt46jwCwLfhq7/pwnBnNXXXZb8VTVLKwp9EDkx+ryxIWmg==}
    dev: false
